// !$*UTF8*$!
{
	archiveVersion = 1;
	classes = {
	};
	objectVersion = 51;
	objects = {

/* Begin PBXBuildFile section */
		014CE965237838C700A3542A /* AppDelegate.swift in Sources */ = {isa = PBXBuildFile; fileRef = 014CE964237838C700A3542A /* AppDelegate.swift */; };
		014CE967237838C700A3542A /* SceneDelegate.swift in Sources */ = {isa = PBXBuildFile; fileRef = 014CE966237838C700A3542A /* SceneDelegate.swift */; };
		014CE969237838C700A3542A /* ViewController.swift in Sources */ = {isa = PBXBuildFile; fileRef = 014CE968237838C700A3542A /* ViewController.swift */; };
		014CE96C237838C700A3542A /* Main.storyboard in Resources */ = {isa = PBXBuildFile; fileRef = 014CE96A237838C700A3542A /* Main.storyboard */; };
		014CE96E237838C800A3542A /* Assets.xcassets in Resources */ = {isa = PBXBuildFile; fileRef = 014CE96D237838C800A3542A /* Assets.xcassets */; };
		014CE971237838C800A3542A /* LaunchScreen.storyboard in Resources */ = {isa = PBXBuildFile; fileRef = 014CE96F237838C800A3542A /* LaunchScreen.storyboard */; };
		014CE97923784CD100A3542A /* Books.xml in Resources */ = {isa = PBXBuildFile; fileRef = 014CE97823784CD100A3542A /* Books.xml */; };
		014CE97B23784D0D00A3542A /* Model.swift in Sources */ = {isa = PBXBuildFile; fileRef = 014CE97A23784D0D00A3542A /* Model.swift */; };
		014CE97D2378578F00A3542A /* SecondVC.swift in Sources */ = {isa = PBXBuildFile; fileRef = 014CE97C2378578F00A3542A /* SecondVC.swift */; };
		83E49A2E5ACD9DCD6B11764C /* Pods_XMLParser.framework in Frameworks */ = {isa = PBXBuildFile; fileRef = 1DCB3C606DF1623CCAF986E4 /* Pods_XMLParser.framework */; };
/* End PBXBuildFile section */

/* Begin PBXFileReference section */
		014CE961237838C700A3542A /* XMLParser.app */ = {isa = PBXFileReference; explicitFileType = wrapper.application; includeInIndex = 0; path = XMLParser.app; sourceTree = BUILT_PRODUCTS_DIR; };
		014CE964237838C700A3542A /* AppDelegate.swift */ = {isa = PBXFileReference; lastKnownFileType = sourcecode.swift; path = AppDelegate.swift; sourceTree = "<group>"; };
		014CE966237838C700A3542A /* SceneDelegate.swift */ = {isa = PBXFileReference; lastKnownFileType = sourcecode.swift; path = SceneDelegate.swift; sourceTree = "<group>"; };
		014CE968237838C700A3542A /* ViewController.swift */ = {isa = PBXFileReference; lastKnownFileType = sourcecode.swift; path = ViewController.swift; sourceTree = "<group>"; };
		014CE96B237838C700A3542A /* Base */ = {isa = PBXFileReference; lastKnownFileType = file.storyboard; name = Base; path = Base.lproj/Main.storyboard; sourceTree = "<group>"; };
		014CE96D237838C800A3542A /* Assets.xcassets */ = {isa = PBXFileReference; lastKnownFileType = folder.assetcatalog; path = Assets.xcassets; sourceTree = "<group>"; };
		014CE970237838C800A3542A /* Base */ = {isa = PBXFileReference; lastKnownFileType = file.storyboard; name = Base; path = Base.lproj/LaunchScreen.storyboard; sourceTree = "<group>"; };
		014CE972237838C800A3542A /* Info.plist */ = {isa = PBXFileReference; lastKnownFileType = text.plist.xml; path = Info.plist; sourceTree = "<group>"; };
		014CE97823784CD100A3542A /* Books.xml */ = {isa = PBXFileReference; lastKnownFileType = text.xml; path = Books.xml; sourceTree = "<group>"; };
		014CE97A23784D0D00A3542A /* Model.swift */ = {isa = PBXFileReference; lastKnownFileType = sourcecode.swift; path = Model.swift; sourceTree = "<group>"; };
		014CE97C2378578F00A3542A /* SecondVC.swift */ = {isa = PBXFileReference; lastKnownFileType = sourcecode.swift; path = SecondVC.swift; sourceTree = "<group>"; };
		1DCB3C606DF1623CCAF986E4 /* Pods_XMLParser.framework */ = {isa = PBXFileReference; explicitFileType = wrapper.framework; includeInIndex = 0; path = Pods_XMLParser.framework; sourceTree = BUILT_PRODUCTS_DIR; };
		9BF0FE60D06E881F01B206FE /* Pods-XMLParser.debug.xcconfig */ = {isa = PBXFileReference; includeInIndex = 1; lastKnownFileType = text.xcconfig; name = "Pods-XMLParser.debug.xcconfig"; path = "Target Support Files/Pods-XMLParser/Pods-XMLParser.debug.xcconfig"; sourceTree = "<group>"; };
		CE359FAC61E5AE2DB310F1ED /* Pods-XMLParser.release.xcconfig */ = {isa = PBXFileReference; includeInIndex = 1; lastKnownFileType = text.xcconfig; name = "Pods-XMLParser.release.xcconfig"; path = "Target Support Files/Pods-XMLParser/Pods-XMLParser.release.xcconfig"; sourceTree = "<group>"; };
/* End PBXFileReference section */

/* Begin PBXFrameworksBuildPhase section */
		014CE95E237838C700A3542A /* Frameworks */ = {
			isa = PBXFrameworksBuildPhase;
			buildActionMask = 2147483647;
			files = (
				83E49A2E5ACD9DCD6B11764C /* Pods_XMLParser.framework in Frameworks */,
			);
			runOnlyForDeploymentPostprocessing = 0;
		};
/* End PBXFrameworksBuildPhase section */

/* Begin PBXGroup section */
		014CE958237838C700A3542A = {
			isa = PBXGroup;
			children = (
				014CE963237838C700A3542A /* XMLParser */,
				014CE962237838C700A3542A /* Products */,
				AA71432EEFE9E8E5002FF43C /* Pods */,
				C1CD7007C12267F62A62CED6 /* Frameworks */,
			);
			sourceTree = "<group>";
		};
		014CE962237838C700A3542A /* Products */ = {
			isa = PBXGroup;
			children = (
				014CE961237838C700A3542A /* XMLParser.app */,
			);
			name = Products;
			sourceTree = "<group>";
		};
		014CE963237838C700A3542A /* XMLParser */ = {
			isa = PBXGroup;
			children = (
				014CE964237838C700A3542A /* AppDelegate.swift */,
				014CE966237838C700A3542A /* SceneDelegate.swift */,
				014CE968237838C700A3542A /* ViewController.swift */,
				014CE97C2378578F00A3542A /* SecondVC.swift */,
				014CE97A23784D0D00A3542A /* Model.swift */,
				014CE97823784CD100A3542A /* Books.xml */,
				014CE96A237838C700A3542A /* Main.storyboard */,
				014CE96D237838C800A3542A /* Assets.xcassets */,
				014CE96F237838C800A3542A /* LaunchScreen.storyboard */,
				014CE972237838C800A3542A /* Info.plist */,
			);
			path = XMLParser;
			sourceTree = "<group>";
		};
		AA71432EEFE9E8E5002FF43C /* Pods */ = {
			isa = PBXGroup;
			children = (
				9BF0FE60D06E881F01B206FE /* Pods-XMLParser.debug.xcconfig */,
				CE359FAC61E5AE2DB310F1ED /* Pods-XMLParser.release.xcconfig */,
			);
			path = Pods;
			sourceTree = "<group>";
		};
		C1CD7007C12267F62A62CED6 /* Frameworks */ = {
			isa = PBXGroup;
			children = (
				1DCB3C606DF1623CCAF986E4 /* Pods_XMLParser.framework */,
			);
			name = Frameworks;
			sourceTree = "<group>";
		};
/* End PBXGroup section */

/* Begin PBXNativeTarget section */
		014CE960237838C700A3542A /* XMLParser */ = {
			isa = PBXNativeTarget;
			buildConfigurationList = 014CE975237838C800A3542A /* Build configuration list for PBXNativeTarget "XMLParser" */;
			buildPhases = (
				CAE9466101F4734586A75A0A /* [CP] Check Pods Manifest.lock */,
				014CE95D237838C700A3542A /* Sources */,
				014CE95E237838C700A3542A /* Frameworks */,
				014CE95F237838C700A3542A /* Resources */,
				6999542CAE14401903C62845 /* [CP] Embed Pods Frameworks */,
			);
			buildRules = (
			);
			dependencies = (
			);
			name = XMLParser;
			productName = XMLParser;
			productReference = 014CE961237838C700A3542A /* XMLParser.app */;
			productType = "com.apple.product-type.application";
		};
/* End PBXNativeTarget section */

/* Begin PBXProject section */
		014CE959237838C700A3542A /* Project object */ = {
			isa = PBXProject;
			attributes = {
				LastSwiftUpdateCheck = 1120;
				LastUpgradeCheck = 1120;
				ORGANIZATIONNAME = Andrew;
				TargetAttributes = {
					014CE960237838C700A3542A = {
						CreatedOnToolsVersion = 11.2;
					};
				};
			};
			buildConfigurationList = 014CE95C237838C700A3542A /* Build configuration list for PBXProject "XMLParser" */;
			compatibilityVersion = "Xcode 9.3";
			developmentRegion = en;
			hasScannedForEncodings = 0;
			knownRegions = (
				en,
				Base,
			);
			mainGroup = 014CE958237838C700A3542A;
			productRefGroup = 014CE962237838C700A3542A /* Products */;
			projectDirPath = "";
			projectRoot = "";
			targets = (
				014CE960237838C700A3542A /* XMLParser */,
			);
		};
/* End PBXProject section */

/* Begin PBXResourcesBuildPhase section */
		014CE95F237838C700A3542A /* Resources */ = {
			isa = PBXResourcesBuildPhase;
			buildActionMask = 2147483647;
			files = (
				014CE971237838C800A3542A /* LaunchScreen.storyboard in Resources */,
				014CE96E237838C800A3542A /* Assets.xcassets in Resources */,
				014CE97923784CD100A3542A /* Books.xml in Resources */,
				014CE96C237838C700A3542A /* Main.storyboard in Resources */,
			);
			runOnlyForDeploymentPostprocessing = 0;
		};
/* End PBXResourcesBuildPhase section */

/* Begin PBXShellScriptBuildPhase section */
		6999542CAE14401903C62845 /* [CP] Embed Pods Frameworks */ = {
			isa = PBXShellScriptBuildPhase;
			buildActionMask = 2147483647;
			files = (
			);
			inputFileListPaths = (
				"${PODS_ROOT}/Target Support Files/Pods-XMLParser/Pods-XMLParser-frameworks-${CONFIGURATION}-input-files.xcfilelist",
			);
			name = "[CP] Embed Pods Frameworks";
			outputFileListPaths = (
				"${PODS_ROOT}/Target Support Files/Pods-XMLParser/Pods-XMLParser-frameworks-${CONFIGURATION}-output-files.xcfilelist",
			);
			runOnlyForDeploymentPostprocessing = 0;
			shellPath = /bin/sh;
			shellScript = "\"${PODS_ROOT}/Target Support Files/Pods-XMLParser/Pods-XMLParser-frameworks.sh\"\n";
			showEnvVarsInLog = 0;
		};
		CAE9466101F4734586A75A0A /* [CP] Check Pods Manifest.lock */ = {
			isa = PBXShellScriptBuildPhase;
			buildActionMask = 2147483647;
			files = (
			);
			inputFileListPaths = (
			);
			inputPaths = (
				"${PODS_PODFILE_DIR_PATH}/Podfile.lock",
				"${PODS_ROOT}/Manifest.lock",
			);
			name = "[CP] Check Pods Manifest.lock";
			outputFileListPaths = (
			);
			outputPaths = (
				"$(DERIVED_FILE_DIR)/Pods-XMLParser-checkManifestLockResult.txt",
			);
			runOnlyForDeploymentPostprocessing = 0;
			shellPath = /bin/sh;
			shellScript = "diff \"${PODS_PODFILE_DIR_PATH}/Podfile.lock\" \"${PODS_ROOT}/Manifest.lock\" > /dev/null\nif [ $? != 0 ] ; then\n    # print error to STDERR\n    echo \"error: The sandbox is not in sync with the Podfile.lock. Run 'pod install' or update your CocoaPods installation.\" >&2\n    exit 1\nfi\n# This output is used by Xcode 'outputs' to avoid re-running this script phase.\necho \"SUCCESS\" > \"${SCRIPT_OUTPUT_FILE_0}\"\n";
			showEnvVarsInLog = 0;
		};
/* End PBXShellScriptBuildPhase section */

/* Begin PBXSourcesBuildPhase section */
		014CE95D237838C700A3542A /* Sources */ = {
			isa = PBXSourcesBuildPhase;
			buildActionMask = 2147483647;
			files = (
				014CE969237838C700A3542A /* ViewController.swift in Sources */,
				014CE97D2378578F00A3542A /* SecondVC.swift in Sources */,
				014CE965237838C700A3542A /* AppDelegate.swift in Sources */,
				014CE967237838C700A3542A /* SceneDelegate.swift in Sources */,
				014CE97B23784D0D00A3542A /* Model.swift in Sources */,
			);
			runOnlyForDeploymentPostprocessing = 0;
		};
/* End PBXSourcesBuildPhase section */

/* Begin PBXVariantGroup section */
		014CE96A237838C700A3542A /* Main.storyboard */ = {
			isa = PBXVariantGroup;
			children = (
				014CE96B237838C700A3542A /* Base */,
			);
			name = Main.storyboard;
			sourceTree = "<group>";
		};
		014CE96F237838C800A3542A /* LaunchScreen.storyboard */ = {
			isa = PBXVariantGroup;
			children = (
				014CE970237838C800A3542A /* Base */,
			);
			name = LaunchScreen.storyboard;
			sourceTree = "<group>";
		};
/* End PBXVariantGroup section */

/* Begin XCBuildConfiguration section */
		014CE973237838C800A3542A /* Debug */ = {
			isa = XCBuildConfiguration;
			buildSettings = {
				ALWAYS_SEARCH_USER_PATHS = NO;
				CLANG_ANALYZER_NONNULL = YES;
				CLANG_ANALYZER_NUMBER_OBJECT_CONVERSION = YES_AGGRESSIVE;
				CLANG_CXX_LANGUAGE_STANDARD = "gnu++14";
				CLANG_CXX_LIBRARY = "libc++";
				CLANG_ENABLE_MODULES = YES;
				CLANG_ENABLE_OBJC_ARC = YES;
				CLANG_ENABLE_OBJC_WEAK = YES;
				CLANG_WARN_BLOCK_CAPTURE_AUTORELEASING = YES;
				CLANG_WARN_BOOL_CONVERSION = YES;
				CLANG_WARN_COMMA = YES;
				CLANG_WARN_CONSTANT_CONVERSION = YES;
				CLANG_WARN_DEPRECATED_OBJC_IMPLEMENTATIONS = YES;
				CLANG_WARN_DIRECT_OBJC_ISA_USAGE = YES_ERROR;
				CLANG_WARN_DOCUMENTATION_COMMENTS = YES;
				CLANG_WARN_EMPTY_BODY = YES;
				CLANG_WARN_ENUM_CONVERSION = YES;
				CLANG_WARN_INFINITE_RECURSION = YES;
				CLANG_WARN_INT_CONVERSION = YES;
				CLANG_WARN_NON_LITERAL_NULL_CONVERSION = YES;
				CLANG_WARN_OBJC_IMPLICIT_RETAIN_SELF = YES;
				CLANG_WARN_OBJC_LITERAL_CONVERSION = YES;
				CLANG_WARN_OBJC_ROOT_CLASS = YES_ERROR;
				CLANG_WARN_RANGE_LOOP_ANALYSIS = YES;
				CLANG_WARN_STRICT_PROTOTYPES = YES;
				CLANG_WARN_SUSPICIOUS_MOVE = YES;
				CLANG_WARN_UNGUARDED_AVAILABILITY = YES_AGGRESSIVE;
				CLANG_WARN_UNREACHABLE_CODE = YES;
				CLANG_WARN__DUPLICATE_METHOD_MATCH = YES;
				COPY_PHASE_STRIP = NO;
				DEBUG_INFORMATION_FORMAT = dwarf;
				ENABLE_STRICT_OBJC_MSGSEND = YES;
				ENABLE_TESTABILITY = YES;
				GCC_C_LANGUAGE_STANDARD = gnu11;
				GCC_DYNAMIC_NO_PIC = NO;
				GCC_NO_COMMON_BLOCKS = YES;
				GCC_OPTIMIZATION_LEVEL = 0;
				GCC_PREPROCESSOR_DEFINITIONS = (
					"DEBUG=1",
					"$(inherited)",
				);
				GCC_WARN_64_TO_32_BIT_CONVERSION = YES;
				GCC_WARN_ABOUT_RETURN_TYPE = YES_ERROR;
				GCC_WARN_UNDECLARED_SELECTOR = YES;
				GCC_WARN_UNINITIALIZED_AUTOS = YES_AGGRESSIVE;
				GCC_WARN_UNUSED_FUNCTION = YES;
				GCC_WARN_UNUSED_VARIABLE = YES;
				IPHONEOS_DEPLOYMENT_TARGET = 13.2;
				MTL_ENABLE_DEBUG_INFO = INCLUDE_SOURCE;
				MTL_FAST_MATH = YES;
				ONLY_ACTIVE_ARCH = YES;
				SDKROOT = iphoneos;
				SWIFT_ACTIVE_COMPILATION_CONDITIONS = DEBUG;
				SWIFT_OPTIMIZATION_LEVEL = "-Onone";
			};
			name = Debug;
		};
		014CE974237838C800A3542A /* Release */ = {
			isa = XCBuildConfiguration;
			buildSettings = {
				ALWAYS_SEARCH_USER_PATHS = NO;
				CLANG_ANALYZER_NONNULL = YES;
				CLANG_ANALYZER_NUMBER_OBJECT_CONVERSION = YES_AGGRESSIVE;
				CLANG_CXX_LANGUAGE_STANDARD = "gnu++14";
				CLANG_CXX_LIBRARY = "libc++";
				CLANG_ENABLE_MODULES = YES;
				CLANG_ENABLE_OBJC_ARC = YES;
				CLANG_ENABLE_OBJC_WEAK = YES;
				CLANG_WARN_BLOCK_CAPTURE_AUTORELEASING = YES;
				CLANG_WARN_BOOL_CONVERSION = YES;
				CLANG_WARN_COMMA = YES;
				CLANG_WARN_CONSTANT_CONVERSION = YES;
				CLANG_WARN_DEPRECATED_OBJC_IMPLEMENTATIONS = YES;
				CLANG_WARN_DIRECT_OBJC_ISA_USAGE = YES_ERROR;
				CLANG_WARN_DOCUMENTATION_COMMENTS = YES;
				CLANG_WARN_EMPTY_BODY = YES;
				CLANG_WARN_ENUM_CONVERSION = YES;
				CLANG_WARN_INFINITE_RECURSION = YES;
				CLANG_WARN_INT_CONVERSION = YES;
				CLANG_WARN_NON_LITERAL_NULL_CONVERSION = YES;
				CLANG_WARN_OBJC_IMPLICIT_RETAIN_SELF = YES;
				CLANG_WARN_OBJC_LITERAL_CONVERSION = YES;
				CLANG_WARN_OBJC_ROOT_CLASS = YES_ERROR;
				CLANG_WARN_RANGE_LOOP_ANALYSIS = YES;
				CLANG_WARN_STRICT_PROTOTYPES = YES;
				CLANG_WARN_SUSPICIOUS_MOVE = YES;
				CLANG_WARN_UNGUARDED_AVAILABILITY = YES_AGGRESSIVE;
				CLANG_WARN_UNREACHABLE_CODE = YES;
				CLANG_WARN__DUPLICATE_METHOD_MATCH = YES;
				COPY_PHASE_STRIP = NO;
				DEBUG_INFORMATION_FORMAT = "dwarf-with-dsym";
				ENABLE_NS_ASSERTIONS = NO;
				ENABLE_STRICT_OBJC_MSGSEND = YES;
				GCC_C_LANGUAGE_STANDARD = gnu11;
				GCC_NO_COMMON_BLOCKS = YES;
				GCC_WARN_64_TO_32_BIT_CONVERSION = YES;
				GCC_WARN_ABOUT_RETURN_TYPE = YES_ERROR;
				GCC_WARN_UNDECLARED_SELECTOR = YES;
				GCC_WARN_UNINITIALIZED_AUTOS = YES_AGGRESSIVE;
				GCC_WARN_UNUSED_FUNCTION = YES;
				GCC_WARN_UNUSED_VARIABLE = YES;
				IPHONEOS_DEPLOYMENT_TARGET = 13.2;
				MTL_ENABLE_DEBUG_INFO = NO;
				MTL_FAST_MATH = YES;
				SDKROOT = iphoneos;
				SWIFT_COMPILATION_MODE = wholemodule;
				SWIFT_OPTIMIZATION_LEVEL = "-O";
				VALIDATE_PRODUCT = YES;
			};
			name = Release;
		};
		014CE976237838C800A3542A /* Debug */ = {
			isa = XCBuildConfiguration;
			baseConfigurationReference = 9BF0FE60D06E881F01B206FE /* Pods-XMLParser.debug.xcconfig */;
			buildSettings = {
				ASSETCATALOG_COMPILER_APPICON_NAME = AppIcon;
				CODE_SIGN_STYLE = Automatic;
				DEVELOPMENT_TEAM = PTRW36GG78;
				INFOPLIST_FILE = XMLParser/Info.plist;
				LD_RUNPATH_SEARCH_PATHS = (
					"$(inherited)",
					"@executable_path/Frameworks",
				);
				PRODUCT_BUNDLE_IDENTIFIER = com.losangelesboy.XMLParser;
				PRODUCT_NAME = "$(TARGET_NAME)";
				SWIFT_VERSION = 5.0;
				TARGETED_DEVICE_FAMILY = "1,2";
			};
			name = Debug;
		};
		014CE977237838C800A3542A /* Release */ = {
			isa = XCBuildConfiguration;
			baseConfigurationReference = CE359FAC61E5AE2DB310F1ED /* Pods-XMLParser.release.xcconfig */;
			buildSettings = {
				ASSETCATALOG_COMPILER_APPICON_NAME = AppIcon;
				CODE_SIGN_STYLE = Automatic;
				DEVELOPMENT_TEAM = PTRW36GG78;
				INFOPLIST_FILE = XMLParser/Info.plist;
				LD_RUNPATH_SEARCH_PATHS = (
					"$(inherited)",
					"@executable_path/Frameworks",
				);
				PRODUCT_BUNDLE_IDENTIFIER = com.losangelesboy.XMLParser;
				PRODUCT_NAME = "$(TARGET_NAME)";
				SWIFT_VERSION = 5.0;
				TARGETED_DEVICE_FAMILY = "1,2";
			};
			name = Release;
		};
/* End XCBuildConfiguration section */

/* Begin XCConfigurationList section */
		014CE95C237838C700A3542A /* Build configuration list for PBXProject "XMLParser" */ = {
			isa = XCConfigurationList;
			buildConfigurations = (
				014CE973237838C800A3542A /* Debug */,
				014CE974237838C800A3542A /* Release */,
			);
			defaultConfigurationIsVisible = 0;
			defaultConfigurationName = Release;
		};
		014CE975237838C800A3542A /* Build configuration list for PBXNativeTarget "XMLParser" */ = {
			isa = XCConfigurationList;
			buildConfigurations = (
				014CE976237838C800A3542A /* Debug */,
				014CE977237838C800A3542A /* Release */,
			);
			defaultConfigurationIsVisible = 0;
			defaultConfigurationName = Release;
		};
/* End XCConfigurationList section */
	};
	rootObject = 014CE959237838C700A3542A /* Project object */;
}
